{
  "name": "presentation",
  "version": "1.0.0",
  "lockfileVersion": 2,
  "requires": true,
  "packages": {
    "": {
      "name": "presentation",
      "version": "1.0.0",
      "dependencies": {
        "business-domain": "^1.0.0",
        "typescript": "^4.5.5"
      }
    },
    "../business-domain": {
      "version": "1.0.0",
      "dependencies": {
        "comments-service": "^1.0.0",
        "posts-service": "^1.0.0",
        "typescript": "^4.5.5"
      }
    },
    "../business-domain/node_modules/comments-service": {
      "resolved": "../comments-service",
      "link": true
    },
    "../business-domain/node_modules/posts-service": {
      "resolved": "../posts-service",
      "link": true
    },
    "../business-domain/node_modules/typescript": {
      "version": "4.5.5",
      "license": "Apache-2.0",
      "bin": {
        "tsc": "bin/tsc",
        "tsserver": "bin/tsserver"
      },
      "engines": {
        "node": ">=4.2.0"
      }
    },
    "../comments-service": {
      "version": "1.0.0",
      "dependencies": {
        "typescript": "^4.5.5"
      }
    },
    "../posts-service": {
      "version": "1.0.0",
      "dependencies": {
        "typescript": "^4.5.5"
      }
    },
    "../posts-service/node_modules/typescript": {
      "version": "4.5.5",
      "license": "Apache-2.0",
      "bin": {
        "tsc": "bin/tsc",
        "tsserver": "bin/tsserver"
      },
      "engines": {
        "node": ">=4.2.0"
      }
    },
    "node_modules/business-domain": {
      "resolved": "../business-domain",
      "link": true
    },
    "node_modules/typescript": {
      "version": "4.5.5",
      "resolved": "https://registry.npmjs.org/typescript/-/typescript-4.5.5.tgz",
      "integrity": "sha512-TCTIul70LyWe6IJWT8QSYeA54WQe8EjQFU4wY52Fasj5UKx88LNYKCgBEHcOMOrFF1rKGbD8v/xcNWVUq9SymA==",
      "bin": {
        "tsc": "bin/tsc",
        "tsserver": "bin/tsserver"
      },
      "engines": {
        "node": ">=4.2.0"
      }
    }
  },
  "dependencies": {
    "business-domain": {
      "version": "file:../business-domain",
      "requires": {
        "comments-service": "^1.0.0",
        "posts-service": "^1.0.0",
        "typescript": "^4.5.5"
      },
      "dependencies": {
        "comments-service": {
          "version": "file:../comments-service",
          "requires": {
            "typescript": "^4.5.5"
          }
        },
        "posts-service": {
          "version": "file:../posts-service",
          "requires": {
            "typescript": "^4.5.5"
          },
          "dependencies": {
            "typescript": {
              "version": "4.5.5"
            }
          }
        },
        "typescript": {
          "version": "4.5.5"
        }
      }
    },
    "typescript": {
      "version": "4.5.5",
      "resolved": "https://registry.npmjs.org/typescript/-/typescript-4.5.5.tgz",
      "integrity": "sha512-TCTIul70LyWe6IJWT8QSYeA54WQe8EjQFU4wY52Fasj5UKx88LNYKCgBEHcOMOrFF1rKGbD8v/xcNWVUq9SymA=="
    }
  }
}
